Microsoft Visual Studio Solution File, Format Version 12.00
# Visual Studio Version 17
VisualStudioVersion = 17.5.2.0
MinimumVisualStudioVersion = 10.0.40219.1
Project("{FAE04EC0-301F-11D3-BF4B-00C04F79EFBC}") = "singleton3", "singleton3.csproj", "{B61E4DC2-AF04-88F0-2E22-B1E993D98745}"
EndProject
Global
	GlobalSection(SolutionConfigurationPlatforms) = preSolution
		Debug|Any CPU = Debug|Any CPU
		Release|Any CPU = Release|Any CPU
	EndGlobalSection
	GlobalSection(ProjectConfigurationPlatforms) = postSolution
		{B61E4DC2-AF04-88F0-2E22-B1E993D98745}.Debug|Any CPU.ActiveCfg = Debug|Any CPU
		{B61E4DC2-AF04-88F0-2E22-B1E993D98745}.Debug|Any CPU.Build.0 = Debug|Any CPU
		{B61E4DC2-AF04-88F0-2E22-B1E993D98745}.Release|Any CPU.ActiveCfg = Release|Any CPU
		{B61E4DC2-AF04-88F0-2E22-B1E993D98745}.Release|Any CPU.Build.0 = Release|Any CPU
	EndGlobalSection
	GlobalSection(SolutionProperties) = preSolution
		HideSolutionNode = FALSE
	EndGlobalSection
	GlobalSection(ExtensibilityGlobals) = postSolution
		SolutionGuid = {E17BAD22-3942-406A-B121-790F34C3E0DC}
	EndGlobalSection
EndGlobal
