
Microsoft Visual Studio Solution File, Format Version 12.00
# Visual Studio Version 17
VisualStudioVersion = 17.11.35327.3
MinimumVisualStudioVersion = 10.0.40219.1
Project("{FAE04EC0-301F-11D3-BF4B-00C04F79EFBC}") = "Repository", "Repository\Repository.csproj", "{E8F149E0-B1C2-46A9-8ECA-1EEF100C393F}"
EndProject
Global
	GlobalSection(SolutionConfigurationPlatforms) = preSolution
		Debug|Any CPU = Debug|Any CPU
		Release|Any CPU = Release|Any CPU
	EndGlobalSection
	GlobalSection(ProjectConfigurationPlatforms) = postSolution
		{E8F149E0-B1C2-46A9-8ECA-1EEF100C393F}.Debug|Any CPU.ActiveCfg = Debug|Any CPU
		{E8F149E0-B1C2-46A9-8ECA-1EEF100C393F}.Debug|Any CPU.Build.0 = Debug|Any CPU
		{E8F149E0-B1C2-46A9-8ECA-1EEF100C393F}.Release|Any CPU.ActiveCfg = Release|Any CPU
		{E8F149E0-B1C2-46A9-8ECA-1EEF100C393F}.Release|Any CPU.Build.0 = Release|Any CPU
	EndGlobalSection
	GlobalSection(SolutionProperties) = preSolution
		HideSolutionNode = FALSE
	EndGlobalSection
	GlobalSection(ExtensibilityGlobals) = postSolution
		SolutionGuid = {A2060761-013D-4E6E-AF96-96A80810E9FD}
	EndGlobalSection
EndGlobal
