Microsoft Visual Studio Solution File, Format Version 12.00
# Visual Studio Version 17
VisualStudioVersion = 17.5.2.0
MinimumVisualStudioVersion = 10.0.40219.1
Project("{FAE04EC0-301F-11D3-BF4B-00C04F79EFBC}") = "PracticaAdapter", "PracticaAdapter.csproj", "{5C8E3CE4-97F5-5927-5F93-FA9F455861B6}"
EndProject
Global
	GlobalSection(SolutionConfigurationPlatforms) = preSolution
		Debug|Any CPU = Debug|Any CPU
		Release|Any CPU = Release|Any CPU
	EndGlobalSection
	GlobalSection(ProjectConfigurationPlatforms) = postSolution
		{5C8E3CE4-97F5-5927-5F93-FA9F455861B6}.Debug|Any CPU.ActiveCfg = Debug|Any CPU
		{5C8E3CE4-97F5-5927-5F93-FA9F455861B6}.Debug|Any CPU.Build.0 = Debug|Any CPU
		{5C8E3CE4-97F5-5927-5F93-FA9F455861B6}.Release|Any CPU.ActiveCfg = Release|Any CPU
		{5C8E3CE4-97F5-5927-5F93-FA9F455861B6}.Release|Any CPU.Build.0 = Release|Any CPU
	EndGlobalSection
	GlobalSection(SolutionProperties) = preSolution
		HideSolutionNode = FALSE
	EndGlobalSection
	GlobalSection(ExtensibilityGlobals) = postSolution
		SolutionGuid = {A31532FF-FE24-409F-8128-96103AF35039}
	EndGlobalSection
EndGlobal
