Microsoft Visual Studio Solution File, Format Version 12.00
# Visual Studio Version 17
VisualStudioVersion = 17.5.2.0
MinimumVisualStudioVersion = 10.0.40219.1
Project("{FAE04EC0-301F-11D3-BF4B-00C04F79EFBC}") = "strategy3", "strategy3.csproj", "{BE33783F-4861-4E09-74B6-4056B17C8035}"
EndProject
Global
	GlobalSection(SolutionConfigurationPlatforms) = preSolution
		Debug|Any CPU = Debug|Any CPU
		Release|Any CPU = Release|Any CPU
	EndGlobalSection
	GlobalSection(ProjectConfigurationPlatforms) = postSolution
		{BE33783F-4861-4E09-74B6-4056B17C8035}.Debug|Any CPU.ActiveCfg = Debug|Any CPU
		{BE33783F-4861-4E09-74B6-4056B17C8035}.Debug|Any CPU.Build.0 = Debug|Any CPU
		{BE33783F-4861-4E09-74B6-4056B17C8035}.Release|Any CPU.ActiveCfg = Release|Any CPU
		{BE33783F-4861-4E09-74B6-4056B17C8035}.Release|Any CPU.Build.0 = Release|Any CPU
	EndGlobalSection
	GlobalSection(SolutionProperties) = preSolution
		HideSolutionNode = FALSE
	EndGlobalSection
	GlobalSection(ExtensibilityGlobals) = postSolution
		SolutionGuid = {045A9C88-6218-439C-9B42-9CE0EF67D47D}
	EndGlobalSection
EndGlobal
