Microsoft Visual Studio Solution File, Format Version 12.00
# Visual Studio Version 17
VisualStudioVersion = 17.5.2.0
MinimumVisualStudioVersion = 10.0.40219.1
Project("{FAE04EC0-301F-11D3-BF4B-00C04F79EFBC}") = "practica2", "practica2.csproj", "{88D43A83-114E-C696-15BA-77877A215F4B}"
EndProject
Global
	GlobalSection(SolutionConfigurationPlatforms) = preSolution
		Debug|Any CPU = Debug|Any CPU
		Release|Any CPU = Release|Any CPU
	EndGlobalSection
	GlobalSection(ProjectConfigurationPlatforms) = postSolution
		{88D43A83-114E-C696-15BA-77877A215F4B}.Debug|Any CPU.ActiveCfg = Debug|Any CPU
		{88D43A83-114E-C696-15BA-77877A215F4B}.Debug|Any CPU.Build.0 = Debug|Any CPU
		{88D43A83-114E-C696-15BA-77877A215F4B}.Release|Any CPU.ActiveCfg = Release|Any CPU
		{88D43A83-114E-C696-15BA-77877A215F4B}.Release|Any CPU.Build.0 = Release|Any CPU
	EndGlobalSection
	GlobalSection(SolutionProperties) = preSolution
		HideSolutionNode = FALSE
	EndGlobalSection
	GlobalSection(ExtensibilityGlobals) = postSolution
		SolutionGuid = {D99CF1AE-6152-47AB-83BC-9CE6277BC0C7}
	EndGlobalSection
EndGlobal
