Microsoft Visual Studio Solution File, Format Version 12.00
# Visual Studio Version 17
VisualStudioVersion = 17.5.2.0
MinimumVisualStudioVersion = 10.0.40219.1
Project("{FAE04EC0-301F-11D3-BF4B-00C04F79EFBC}") = "singleton5", "singleton5.csproj", "{ED55770B-91AC-5420-998C-405B781F3553}"
EndProject
Global
	GlobalSection(SolutionConfigurationPlatforms) = preSolution
		Debug|Any CPU = Debug|Any CPU
		Release|Any CPU = Release|Any CPU
	EndGlobalSection
	GlobalSection(ProjectConfigurationPlatforms) = postSolution
		{ED55770B-91AC-5420-998C-405B781F3553}.Debug|Any CPU.ActiveCfg = Debug|Any CPU
		{ED55770B-91AC-5420-998C-405B781F3553}.Debug|Any CPU.Build.0 = Debug|Any CPU
		{ED55770B-91AC-5420-998C-405B781F3553}.Release|Any CPU.ActiveCfg = Release|Any CPU
		{ED55770B-91AC-5420-998C-405B781F3553}.Release|Any CPU.Build.0 = Release|Any CPU
	EndGlobalSection
	GlobalSection(SolutionProperties) = preSolution
		HideSolutionNode = FALSE
	EndGlobalSection
	GlobalSection(ExtensibilityGlobals) = postSolution
		SolutionGuid = {1E18A857-1EDF-4B74-BD32-D02B6D38E83D}
	EndGlobalSection
EndGlobal
