Microsoft Visual Studio Solution File, Format Version 12.00
# Visual Studio Version 17
VisualStudioVersion = 17.5.2.0
MinimumVisualStudioVersion = 10.0.40219.1
Project("{FAE04EC0-301F-11D3-BF4B-00C04F79EFBC}") = "factory1", "factory1.csproj", "{2824C44D-40E6-9ABD-3A31-69608804ADDF}"
EndProject
Global
	GlobalSection(SolutionConfigurationPlatforms) = preSolution
		Debug|Any CPU = Debug|Any CPU
		Release|Any CPU = Release|Any CPU
	EndGlobalSection
	GlobalSection(ProjectConfigurationPlatforms) = postSolution
		{2824C44D-40E6-9ABD-3A31-69608804ADDF}.Debug|Any CPU.ActiveCfg = Debug|Any CPU
		{2824C44D-40E6-9ABD-3A31-69608804ADDF}.Debug|Any CPU.Build.0 = Debug|Any CPU
		{2824C44D-40E6-9ABD-3A31-69608804ADDF}.Release|Any CPU.ActiveCfg = Release|Any CPU
		{2824C44D-40E6-9ABD-3A31-69608804ADDF}.Release|Any CPU.Build.0 = Release|Any CPU
	EndGlobalSection
	GlobalSection(SolutionProperties) = preSolution
		HideSolutionNode = FALSE
	EndGlobalSection
	GlobalSection(ExtensibilityGlobals) = postSolution
		SolutionGuid = {D09F3F57-CCFB-4839-BE5F-2187E72BEBF1}
	EndGlobalSection
EndGlobal
